
Microsoft Visual Studio Solution File, Format Version 12.00
# Visual Studio 14
VisualStudioVersion = 14.0.25123.0
MinimumVisualStudioVersion = 10.0.40219.1
Project("{FAE04EC0-301F-11D3-BF4B-00C04F79EFBC}") = "arelv1", "arelv1\arelv1.csproj", "{DAAAD4C9-C0D5-4BAE-BAA5-CDF2F4128652}"
EndProject
Project("{2150E333-8FDC-42A3-9474-1A3956D46DE8}") = "Solution Items", "Solution Items", "{D9186CCA-FD63-4DED-A3F2-8E12010AE1EC}"
	ProjectSection(SolutionItems) = preProject
		README.md = README.md
	EndProjectSection
EndProject
Global
	GlobalSection(SolutionConfigurationPlatforms) = preSolution
		Debug|ARM = Debug|ARM
		Debug|x64 = Debug|x64
		Debug|x86 = Debug|x86
		Release|ARM = Release|ARM
		Release|x64 = Release|x64
		Release|x86 = Release|x86
	EndGlobalSection
	GlobalSection(ProjectConfigurationPlatforms) = postSolution
		{DAAAD4C9-C0D5-4BAE-BAA5-CDF2F4128652}.Debug|ARM.ActiveCfg = Debug|x86
		{DAAAD4C9-C0D5-4BAE-BAA5-CDF2F4128652}.Debug|ARM.Build.0 = Debug|x86
		{DAAAD4C9-C0D5-4BAE-BAA5-CDF2F4128652}.Debug|ARM.Deploy.0 = Debug|x86
		{DAAAD4C9-C0D5-4BAE-BAA5-CDF2F4128652}.Debug|x64.ActiveCfg = Debug|x64
		{DAAAD4C9-C0D5-4BAE-BAA5-CDF2F4128652}.Debug|x64.Build.0 = Debug|x64
		{DAAAD4C9-C0D5-4BAE-BAA5-CDF2F4128652}.Debug|x64.Deploy.0 = Debug|x64
		{DAAAD4C9-C0D5-4BAE-BAA5-CDF2F4128652}.Debug|x86.ActiveCfg = Debug|x86
		{DAAAD4C9-C0D5-4BAE-BAA5-CDF2F4128652}.Debug|x86.Build.0 = Debug|x86
		{DAAAD4C9-C0D5-4BAE-BAA5-CDF2F4128652}.Debug|x86.Deploy.0 = Debug|x86
		{DAAAD4C9-C0D5-4BAE-BAA5-CDF2F4128652}.Release|ARM.ActiveCfg = Release|ARM
		{DAAAD4C9-C0D5-4BAE-BAA5-CDF2F4128652}.Release|ARM.Build.0 = Release|ARM
		{DAAAD4C9-C0D5-4BAE-BAA5-CDF2F4128652}.Release|ARM.Deploy.0 = Release|ARM
		{DAAAD4C9-C0D5-4BAE-BAA5-CDF2F4128652}.Release|x64.ActiveCfg = Release|x64
		{DAAAD4C9-C0D5-4BAE-BAA5-CDF2F4128652}.Release|x64.Build.0 = Release|x64
		{DAAAD4C9-C0D5-4BAE-BAA5-CDF2F4128652}.Release|x64.Deploy.0 = Release|x64
		{DAAAD4C9-C0D5-4BAE-BAA5-CDF2F4128652}.Release|x86.ActiveCfg = Release|x86
		{DAAAD4C9-C0D5-4BAE-BAA5-CDF2F4128652}.Release|x86.Build.0 = Release|x86
		{DAAAD4C9-C0D5-4BAE-BAA5-CDF2F4128652}.Release|x86.Deploy.0 = Release|x86
	EndGlobalSection
	GlobalSection(SolutionProperties) = preSolution
		HideSolutionNode = FALSE
	EndGlobalSection
EndGlobal
